
Microsoft Visual Studio Solution File, Format Version 12.00
# Visual Studio 2013
VisualStudioVersion = 12.0.31101.0
MinimumVisualStudioVersion = 10.0.40219.1
Project("{FAE04EC0-301F-11D3-BF4B-00C04F79EFBC}") = "PollApi", "PollApi\PollApi.csproj", "{6984B4AC-AE5F-4A6A-83AF-CFD6620B07EB}"
EndProject
Global
	GlobalSection(SolutionConfigurationPlatforms) = preSolution
		Debug|Any CPU = Debug|Any CPU
		Release|Any CPU = Release|Any CPU
	EndGlobalSection
	GlobalSection(ProjectConfigurationPlatforms) = postSolution
		{6984B4AC-AE5F-4A6A-83AF-CFD6620B07EB}.Debug|Any CPU.ActiveCfg = Debug|Any CPU
		{6984B4AC-AE5F-4A6A-83AF-CFD6620B07EB}.Debug|Any CPU.Build.0 = Debug|Any CPU
		{6984B4AC-AE5F-4A6A-83AF-CFD6620B07EB}.Release|Any CPU.ActiveCfg = Release|Any CPU
		{6984B4AC-AE5F-4A6A-83AF-CFD6620B07EB}.Release|Any CPU.Build.0 = Release|Any CPU
	EndGlobalSection
	GlobalSection(SolutionProperties) = preSolution
		HideSolutionNode = FALSE
	EndGlobalSection
EndGlobal
